
Microsoft Visual Studio Solution File, Format Version 12.00
# Visual Studio 14
VisualStudioVersion = 14.0.24720.0
MinimumVisualStudioVersion = 10.0.40219.1
Project("{FAE04EC0-301F-11D3-BF4B-00C04F79EFBC}") = "Microsoft.ProjectOxford.Emotion", "Microsoft.ProjectOxford.Emotion.csproj", "{E8A414B0-1281-4586-A030-C5AC32588E55}"
EndProject
Project("{FAE04EC0-301F-11D3-BF4B-00C04F79EFBC}") = "HappyModel", "HappyModel\HappyModel.csproj", "{84F1E216-F3C7-4AF7-92E3-73BE1C1E2CFD}"
EndProject
Project("{FAE04EC0-301F-11D3-BF4B-00C04F79EFBC}") = "HappyTestClient", "HappyTestClient\HappyTestClient.csproj", "{A9371B03-1737-4D36-B247-25402808EA36}"
EndProject
Project("{FAE04EC0-301F-11D3-BF4B-00C04F79EFBC}") = "HappyEmotion", "HappyEmotion\HappyEmotion.csproj", "{B10FA631-921A-401B-B6D3-F034D39AA447}"
EndProject
Global
	GlobalSection(SolutionConfigurationPlatforms) = preSolution
		Debug|Any CPU = Debug|Any CPU
		Debug|ARM = Debug|ARM
		Debug|x64 = Debug|x64
		Debug|x86 = Debug|x86
		Release|Any CPU = Release|Any CPU
		Release|ARM = Release|ARM
		Release|x64 = Release|x64
		Release|x86 = Release|x86
	EndGlobalSection
	GlobalSection(ProjectConfigurationPlatforms) = postSolution
		{E8A414B0-1281-4586-A030-C5AC32588E55}.Debug|Any CPU.ActiveCfg = Debug|Any CPU
		{E8A414B0-1281-4586-A030-C5AC32588E55}.Debug|Any CPU.Build.0 = Debug|Any CPU
		{E8A414B0-1281-4586-A030-C5AC32588E55}.Debug|ARM.ActiveCfg = Debug|Any CPU
		{E8A414B0-1281-4586-A030-C5AC32588E55}.Debug|ARM.Build.0 = Debug|Any CPU
		{E8A414B0-1281-4586-A030-C5AC32588E55}.Debug|x64.ActiveCfg = Debug|Any CPU
		{E8A414B0-1281-4586-A030-C5AC32588E55}.Debug|x64.Build.0 = Debug|Any CPU
		{E8A414B0-1281-4586-A030-C5AC32588E55}.Debug|x86.ActiveCfg = Debug|Any CPU
		{E8A414B0-1281-4586-A030-C5AC32588E55}.Debug|x86.Build.0 = Debug|Any CPU
		{E8A414B0-1281-4586-A030-C5AC32588E55}.Release|Any CPU.ActiveCfg = Release|Any CPU
		{E8A414B0-1281-4586-A030-C5AC32588E55}.Release|Any CPU.Build.0 = Release|Any CPU
		{E8A414B0-1281-4586-A030-C5AC32588E55}.Release|ARM.ActiveCfg = Release|Any CPU
		{E8A414B0-1281-4586-A030-C5AC32588E55}.Release|ARM.Build.0 = Release|Any CPU
		{E8A414B0-1281-4586-A030-C5AC32588E55}.Release|x64.ActiveCfg = Release|Any CPU
		{E8A414B0-1281-4586-A030-C5AC32588E55}.Release|x64.Build.0 = Release|Any CPU
		{E8A414B0-1281-4586-A030-C5AC32588E55}.Release|x86.ActiveCfg = Release|Any CPU
		{E8A414B0-1281-4586-A030-C5AC32588E55}.Release|x86.Build.0 = Release|Any CPU
		{84F1E216-F3C7-4AF7-92E3-73BE1C1E2CFD}.Debug|Any CPU.ActiveCfg = Debug|Any CPU
		{84F1E216-F3C7-4AF7-92E3-73BE1C1E2CFD}.Debug|Any CPU.Build.0 = Debug|Any CPU
		{84F1E216-F3C7-4AF7-92E3-73BE1C1E2CFD}.Debug|ARM.ActiveCfg = Debug|ARM
		{84F1E216-F3C7-4AF7-92E3-73BE1C1E2CFD}.Debug|ARM.Build.0 = Debug|ARM
		{84F1E216-F3C7-4AF7-92E3-73BE1C1E2CFD}.Debug|x64.ActiveCfg = Debug|x64
		{84F1E216-F3C7-4AF7-92E3-73BE1C1E2CFD}.Debug|x64.Build.0 = Debug|x64
		{84F1E216-F3C7-4AF7-92E3-73BE1C1E2CFD}.Debug|x86.ActiveCfg = Debug|x86
		{84F1E216-F3C7-4AF7-92E3-73BE1C1E2CFD}.Debug|x86.Build.0 = Debug|x86
		{84F1E216-F3C7-4AF7-92E3-73BE1C1E2CFD}.Release|Any CPU.ActiveCfg = Release|Any CPU
		{84F1E216-F3C7-4AF7-92E3-73BE1C1E2CFD}.Release|Any CPU.Build.0 = Release|Any CPU
		{84F1E216-F3C7-4AF7-92E3-73BE1C1E2CFD}.Release|ARM.ActiveCfg = Release|ARM
		{84F1E216-F3C7-4AF7-92E3-73BE1C1E2CFD}.Release|ARM.Build.0 = Release|ARM
		{84F1E216-F3C7-4AF7-92E3-73BE1C1E2CFD}.Release|x64.ActiveCfg = Release|x64
		{84F1E216-F3C7-4AF7-92E3-73BE1C1E2CFD}.Release|x64.Build.0 = Release|x64
		{84F1E216-F3C7-4AF7-92E3-73BE1C1E2CFD}.Release|x86.ActiveCfg = Release|x86
		{84F1E216-F3C7-4AF7-92E3-73BE1C1E2CFD}.Release|x86.Build.0 = Release|x86
		{A9371B03-1737-4D36-B247-25402808EA36}.Debug|Any CPU.ActiveCfg = Debug|x86
		{A9371B03-1737-4D36-B247-25402808EA36}.Debug|Any CPU.Build.0 = Debug|x86
		{A9371B03-1737-4D36-B247-25402808EA36}.Debug|Any CPU.Deploy.0 = Debug|x86
		{A9371B03-1737-4D36-B247-25402808EA36}.Debug|ARM.ActiveCfg = Debug|ARM
		{A9371B03-1737-4D36-B247-25402808EA36}.Debug|ARM.Build.0 = Debug|ARM
		{A9371B03-1737-4D36-B247-25402808EA36}.Debug|ARM.Deploy.0 = Debug|ARM
		{A9371B03-1737-4D36-B247-25402808EA36}.Debug|x64.ActiveCfg = Debug|x64
		{A9371B03-1737-4D36-B247-25402808EA36}.Debug|x64.Build.0 = Debug|x64
		{A9371B03-1737-4D36-B247-25402808EA36}.Debug|x64.Deploy.0 = Debug|x64
		{A9371B03-1737-4D36-B247-25402808EA36}.Debug|x86.ActiveCfg = Debug|x86
		{A9371B03-1737-4D36-B247-25402808EA36}.Debug|x86.Build.0 = Debug|x86
		{A9371B03-1737-4D36-B247-25402808EA36}.Debug|x86.Deploy.0 = Debug|x86
		{A9371B03-1737-4D36-B247-25402808EA36}.Release|Any CPU.ActiveCfg = Release|x86
		{A9371B03-1737-4D36-B247-25402808EA36}.Release|ARM.ActiveCfg = Release|ARM
		{A9371B03-1737-4D36-B247-25402808EA36}.Release|ARM.Build.0 = Release|ARM
		{A9371B03-1737-4D36-B247-25402808EA36}.Release|ARM.Deploy.0 = Release|ARM
		{A9371B03-1737-4D36-B247-25402808EA36}.Release|x64.ActiveCfg = Release|x64
		{A9371B03-1737-4D36-B247-25402808EA36}.Release|x64.Build.0 = Release|x64
		{A9371B03-1737-4D36-B247-25402808EA36}.Release|x64.Deploy.0 = Release|x64
		{A9371B03-1737-4D36-B247-25402808EA36}.Release|x86.ActiveCfg = Release|x86
		{A9371B03-1737-4D36-B247-25402808EA36}.Release|x86.Build.0 = Release|x86
		{A9371B03-1737-4D36-B247-25402808EA36}.Release|x86.Deploy.0 = Release|x86
		{B10FA631-921A-401B-B6D3-F034D39AA447}.Debug|Any CPU.ActiveCfg = Debug|Any CPU
		{B10FA631-921A-401B-B6D3-F034D39AA447}.Debug|Any CPU.Build.0 = Debug|Any CPU
		{B10FA631-921A-401B-B6D3-F034D39AA447}.Debug|ARM.ActiveCfg = Debug|ARM
		{B10FA631-921A-401B-B6D3-F034D39AA447}.Debug|ARM.Build.0 = Debug|ARM
		{B10FA631-921A-401B-B6D3-F034D39AA447}.Debug|x64.ActiveCfg = Debug|x64
		{B10FA631-921A-401B-B6D3-F034D39AA447}.Debug|x64.Build.0 = Debug|x64
		{B10FA631-921A-401B-B6D3-F034D39AA447}.Debug|x86.ActiveCfg = Debug|x86
		{B10FA631-921A-401B-B6D3-F034D39AA447}.Debug|x86.Build.0 = Debug|x86
		{B10FA631-921A-401B-B6D3-F034D39AA447}.Release|Any CPU.ActiveCfg = Release|Any CPU
		{B10FA631-921A-401B-B6D3-F034D39AA447}.Release|Any CPU.Build.0 = Release|Any CPU
		{B10FA631-921A-401B-B6D3-F034D39AA447}.Release|ARM.ActiveCfg = Release|ARM
		{B10FA631-921A-401B-B6D3-F034D39AA447}.Release|ARM.Build.0 = Release|ARM
		{B10FA631-921A-401B-B6D3-F034D39AA447}.Release|x64.ActiveCfg = Release|x64
		{B10FA631-921A-401B-B6D3-F034D39AA447}.Release|x64.Build.0 = Release|x64
		{B10FA631-921A-401B-B6D3-F034D39AA447}.Release|x86.ActiveCfg = Release|x86
		{B10FA631-921A-401B-B6D3-F034D39AA447}.Release|x86.Build.0 = Release|x86
	EndGlobalSection
	GlobalSection(SolutionProperties) = preSolution
		HideSolutionNode = FALSE
	EndGlobalSection
EndGlobal
